# This file is autogenerated, do not edit; changes may be undone by the next 'dep ensure'.


[[projects]]
  name = "cloud.google.com/go"
  packages = ["compute/metadata"]
  revision = "2d3a6656c17a60b0815b7e06ab0be04eacb6e613"
  version = "v0.16.0"

[[projects]]
  branch = "master"
  name = "github.com/favclip/genbase"
  packages = ["."]
  revision = "9308343633095f1e30c2e879e8a7af64f15273d0"

[[projects]]
  name = "github.com/favclip/golidator"
  packages = ["."]
  revision = "f8a22a68c32005c88762ff41a4139950b49263a9"
  version = "v2.0.1"

[[projects]]
  branch = "master"
  name = "github.com/favclip/jwg"
  packages = ["."]
  revision = "2e0a6f4873bb5e8b5a6d13b6c1adbeec1a033d19"

[[projects]]
  name = "github.com/favclip/qbg"
  packages = ["."]
  revision = "ae8057dfe96fdd9e23c88bf9ef5b616f231900c0"
  version = "v1.1.0"

[[projects]]
  branch = "master"
  name = "github.com/favclip/testerator"
  packages = ["."]
  revision = "334401dbe72dc66e5a940a8c04ae2ab4a9a5af5c"

[[projects]]
  name = "github.com/favclip/ucon"
  packages = [".","swagger"]
  revision = "b423b286da50624062596296322e78c743924b0e"
  version = "v1.0.0"

[[projects]]
  branch = "master"
  name = "github.com/golang/lint"
  packages = [".","golint"]
  revision = "6aaf7c34af0f4c36a57e0c429bace4d706d8e931"

[[projects]]
  branch = "master"
  name = "github.com/golang/protobuf"
  packages = ["proto"]
  revision = "1e59b77b52bf8e4b449a57e6f79f21226d571845"

[[projects]]
  branch = "master"
  name = "github.com/kisielk/gotool"
  packages = [".","internal/load"]
  revision = "d6ce6262d87e3a4e153e86023ff56ae771554a41"

[[projects]]
  branch = "master"
  name = "github.com/mjibson/goon"
  packages = ["."]
  revision = "0cd9745d6b9c43c1de754769708fb2ac349d84b2"

[[projects]]
  branch = "master"
  name = "golang.org/x/net"
  packages = ["context","context/ctxhttp"]
  revision = "a8b9294777976932365dabb6640cf1468d95c70f"

[[projects]]
  branch = "master"
  name = "golang.org/x/oauth2"
  packages = [".","google","internal","jws","jwt"]
  revision = "f95fa95eaa936d9d87489b15d1d18b97c1ba9c28"

[[projects]]
  branch = "master"
  name = "golang.org/x/tools"
  packages = ["cmd/goimports","go/ast/astutil","go/buildutil","go/gcexportdata","go/gcimporter15","go/loader","go/types/typeutil","imports"]
  revision = "36c7af3342056179a831c19ec142f2763b310f7b"

[[projects]]
  branch = "master"
  name = "google.golang.org/api"
  packages = ["bigquery/v2","gensupport","googleapi","googleapi/internal/uritemplates"]
  revision = "88d8826ad7655f8bdc7328b1ec3774f3851c3a44"

[[projects]]
  branch = "master"
  name = "google.golang.org/appengine"
  packages = [".","aetest","datastore","internal","internal/app_identity","internal/base","internal/datastore","internal/log","internal/memcache","internal/modules","internal/remote_api","internal/taskqueue","internal/urlfetch","internal/user","log","memcache","taskqueue","urlfetch","user"]
  revision = "9d8544a6b2c7df9cff240fcf92d7b2f59bc13416"

[[projects]]
  name = "honnef.co/go/tools"
  packages = ["callgraph","callgraph/static","cmd/gosimple","cmd/staticcheck","cmd/unused","deprecated","functions","internal/sharedcheck","lint","lint/lintutil","simple","ssa","ssa/ssautil","staticcheck","staticcheck/vrp","unused","version"]
  revision = "444f7b0ef8e620c384da646182663eb4f0f14ffe"
  version = "2017.2.1"

[solve-meta]
  analyzer-name = "dep"
  analyzer-version = 1
  inputs-digest = "0d23bdf4529dad1d19dcae3622b43441ff6a4e48180ddb2f43b636bc5e14b785"
  solver-name = "gps-cdcl"
  solver-version = 1
